
Microsoft Visual Studio Solution File, Format Version 12.00
# Visual Studio Version 17
VisualStudioVersion = 17.5.002.0
MinimumVisualStudioVersion = 10.0.40219.1
Project("{9A19103F-16F7-4668-BE54-9A1E7A4F7556}") = "ChoreScore", "ChoreScore.csproj", "{FD64A40C-017A-4372-AF41-87972894D06F}"
EndProject
Global
	GlobalSection(SolutionConfigurationPlatforms) = preSolution
		Debug|Any CPU = Debug|Any CPU
		Release|Any CPU = Release|Any CPU
	EndGlobalSection
	GlobalSection(ProjectConfigurationPlatforms) = postSolution
		{FD64A40C-017A-4372-AF41-87972894D06F}.Debug|Any CPU.ActiveCfg = Debug|Any CPU
		{FD64A40C-017A-4372-AF41-87972894D06F}.Debug|Any CPU.Build.0 = Debug|Any CPU
		{FD64A40C-017A-4372-AF41-87972894D06F}.Release|Any CPU.ActiveCfg = Release|Any CPU
		{FD64A40C-017A-4372-AF41-87972894D06F}.Release|Any CPU.Build.0 = Release|Any CPU
	EndGlobalSection
	GlobalSection(SolutionProperties) = preSolution
		HideSolutionNode = FALSE
	EndGlobalSection
	GlobalSection(ExtensibilityGlobals) = postSolution
		SolutionGuid = {77B5795E-5E61-4EBE-831B-00911B033E0F}
	EndGlobalSection
EndGlobal
